
Microsoft Visual Studio Solution File, Format Version 12.00
Project("{FAE04EC0-301F-11D3-BF4B-00C04F79EFBC}") = "PawsitivePetAdoption", "PawsitivePetAdoption\PawsitivePetAdoption.csproj", "{39C3F30C-96E1-44AD-AE34-88CAF5BADE4B}"
EndProject
Global
	GlobalSection(SolutionConfigurationPlatforms) = preSolution
		Debug|Any CPU = Debug|Any CPU
		Release|Any CPU = Release|Any CPU
	EndGlobalSection
	GlobalSection(ProjectConfigurationPlatforms) = postSolution
		{39C3F30C-96E1-44AD-AE34-88CAF5BADE4B}.Debug|Any CPU.ActiveCfg = Debug|Any CPU
		{39C3F30C-96E1-44AD-AE34-88CAF5BADE4B}.Debug|Any CPU.Build.0 = Debug|Any CPU
		{39C3F30C-96E1-44AD-AE34-88CAF5BADE4B}.Release|Any CPU.ActiveCfg = Release|Any CPU
		{39C3F30C-96E1-44AD-AE34-88CAF5BADE4B}.Release|Any CPU.Build.0 = Release|Any CPU
	EndGlobalSection
EndGlobal
